
Microsoft Visual Studio Solution File, Format Version 12.00
# Visual Studio Version 17
VisualStudioVersion = 17.3.32811.315
MinimumVisualStudioVersion = 10.0.40219.1
Project("{FAE04EC0-301F-11D3-BF4B-00C04F79EFBC}") = "Fødselsdagen", "Fødselsdagen.csproj", "{234AE8A0-9041-47DA-9166-A0485924DE17}"
EndProject
Global
	GlobalSection(SolutionConfigurationPlatforms) = preSolution
		Debug|Any CPU = Debug|Any CPU
		Release|Any CPU = Release|Any CPU
	EndGlobalSection
	GlobalSection(ProjectConfigurationPlatforms) = postSolution
		{234AE8A0-9041-47DA-9166-A0485924DE17}.Debug|Any CPU.ActiveCfg = Debug|Any CPU
		{234AE8A0-9041-47DA-9166-A0485924DE17}.Debug|Any CPU.Build.0 = Debug|Any CPU
		{234AE8A0-9041-47DA-9166-A0485924DE17}.Release|Any CPU.ActiveCfg = Release|Any CPU
		{234AE8A0-9041-47DA-9166-A0485924DE17}.Release|Any CPU.Build.0 = Release|Any CPU
	EndGlobalSection
	GlobalSection(SolutionProperties) = preSolution
		HideSolutionNode = FALSE
	EndGlobalSection
	GlobalSection(ExtensibilityGlobals) = postSolution
		SolutionGuid = {E04FBEE1-7AE1-4DD4-B0CD-DFDBBC6FA342}
	EndGlobalSection
EndGlobal
